
Microsoft Visual Studio Solution File, Format Version 12.00
# Visual Studio Version 17
VisualStudioVersion = 17.7.34221.43
MinimumVisualStudioVersion = 10.0.40219.1
Project("{FAE04EC0-301F-11D3-BF4B-00C04F79EFBC}") = "NewWorkflow", "NewWorkflow\NewWorkflow.csproj", "{DF0A62DD-6CB9-4843-93BD-D176C9FBEFD1}"
EndProject
Global
	GlobalSection(SolutionConfigurationPlatforms) = preSolution
		Debug|Any CPU = Debug|Any CPU
		Release|Any CPU = Release|Any CPU
	EndGlobalSection
	GlobalSection(ProjectConfigurationPlatforms) = postSolution
		{DF0A62DD-6CB9-4843-93BD-D176C9FBEFD1}.Debug|Any CPU.ActiveCfg = Debug|Any CPU
		{DF0A62DD-6CB9-4843-93BD-D176C9FBEFD1}.Debug|Any CPU.Build.0 = Debug|Any CPU
		{DF0A62DD-6CB9-4843-93BD-D176C9FBEFD1}.Release|Any CPU.ActiveCfg = Release|Any CPU
		{DF0A62DD-6CB9-4843-93BD-D176C9FBEFD1}.Release|Any CPU.Build.0 = Release|Any CPU
	EndGlobalSection
	GlobalSection(SolutionProperties) = preSolution
		HideSolutionNode = FALSE
	EndGlobalSection
	GlobalSection(ExtensibilityGlobals) = postSolution
		SolutionGuid = {97EA23C6-830B-4EAA-86FE-53CFF874AE9D}
	EndGlobalSection
EndGlobal
